
Microsoft Visual Studio Solution File, Format Version 12.00
# Visual Studio 15
VisualStudioVersion = 15.0.27130.2010
MinimumVisualStudioVersion = 10.0.40219.1
Project("{159641D6-6404-4A2A-AE62-294DE0FE8301}") = "load_abm", "load_abm\load_abm.dtproj", "{D026E664-731C-4874-A4CE-B20548D892C5}"
EndProject
Global
	GlobalSection(SolutionConfigurationPlatforms) = preSolution
		Development|Default = Development|Default
	EndGlobalSection
	GlobalSection(ProjectConfigurationPlatforms) = postSolution
		{D026E664-731C-4874-A4CE-B20548D892C5}.Development|Default.ActiveCfg = Development
		{D026E664-731C-4874-A4CE-B20548D892C5}.Development|Default.Build.0 = Development
	EndGlobalSection
	GlobalSection(SolutionProperties) = preSolution
		HideSolutionNode = FALSE
	EndGlobalSection
	GlobalSection(ExtensibilityGlobals) = postSolution
		SolutionGuid = {BD236BDD-AEF9-4B2F-9A12-9F82F43696A4}
	EndGlobalSection
EndGlobal
