
Microsoft Visual Studio Solution File, Format Version 12.00
# Visual Studio 14
VisualStudioVersion = 14.0.25420.1
MinimumVisualStudioVersion = 10.0.40219.1
Project("{F14B399A-7131-4C87-9E4B-1186C45EF12D}") = "service_bureau", "service_bureau\service_bureau.rptproj", "{2C91EEB3-4FB3-4C8D-BE75-EFC389CD851C}"
EndProject
Global
	GlobalSection(SolutionConfigurationPlatforms) = preSolution
		Debug|Default = Debug|Default
		DebugLocal|Default = DebugLocal|Default
		Release|Default = Release|Default
	EndGlobalSection
	GlobalSection(ProjectConfigurationPlatforms) = postSolution
		{2C91EEB3-4FB3-4C8D-BE75-EFC389CD851C}.Debug|Default.ActiveCfg = Debug
		{2C91EEB3-4FB3-4C8D-BE75-EFC389CD851C}.Debug|Default.Build.0 = Debug
		{2C91EEB3-4FB3-4C8D-BE75-EFC389CD851C}.Debug|Default.Deploy.0 = Debug
		{2C91EEB3-4FB3-4C8D-BE75-EFC389CD851C}.DebugLocal|Default.ActiveCfg = DebugLocal
		{2C91EEB3-4FB3-4C8D-BE75-EFC389CD851C}.DebugLocal|Default.Build.0 = DebugLocal
		{2C91EEB3-4FB3-4C8D-BE75-EFC389CD851C}.Release|Default.ActiveCfg = Release
		{2C91EEB3-4FB3-4C8D-BE75-EFC389CD851C}.Release|Default.Build.0 = Release
		{2C91EEB3-4FB3-4C8D-BE75-EFC389CD851C}.Release|Default.Deploy.0 = Release
	EndGlobalSection
	GlobalSection(SolutionProperties) = preSolution
		HideSolutionNode = FALSE
	EndGlobalSection
EndGlobal
